SITE
  remote: http://community.opscode.com/api/v1
  specs:
    apt (7.2.0)
    build-essential (8.2.1)
      mingw (>= 1.1)
      seven_zip (>= 0.0.0)
    git (10.0.0)
    mingw (2.1.0)
      seven_zip (>= 0.0.0)
    ruby_build (1.2.0)
      git (>= 0.0.0)
      yum-epel (>= 0.0.0)
    seven_zip (3.1.2)
      windows (>= 0.0.0)
    vim (2.0.2)
    windows (6.0.1)
    yum-epel (3.3.0)

GIT
  remote: https://github.com/chef-rbenv/ruby_rbenv
  ref: master
  sha: fcd41a5bdae7f07f3a4ac2b8db05a222c5b95a7a
  specs:
    ruby_rbenv (2.3.0)

DEPENDENCIES
  apt (>= 0)
  build-essential (>= 0)
  ruby_build (>= 0)
  ruby_rbenv (>= 0)
  vim (>= 0)

